
Microsoft Visual Studio Solution File, Format Version 12.00
# Visual Studio Version 16
VisualStudioVersion = 16.0.31025.194
MinimumVisualStudioVersion = 10.0.40219.1
Project("{FAE04EC0-301F-11D3-BF4B-00C04F79EFBC}") = "Classwork2", "Classwork2.csproj", "{133AA66B-5968-4F63-9C3B-77CA2E16DF3A}"
EndProject
Global
	GlobalSection(SolutionConfigurationPlatforms) = preSolution
		Debug|Any CPU = Debug|Any CPU
		Release|Any CPU = Release|Any CPU
	EndGlobalSection
	GlobalSection(ProjectConfigurationPlatforms) = postSolution
		{133AA66B-5968-4F63-9C3B-77CA2E16DF3A}.Debug|Any CPU.ActiveCfg = Debug|Any CPU
		{133AA66B-5968-4F63-9C3B-77CA2E16DF3A}.Debug|Any CPU.Build.0 = Debug|Any CPU
		{133AA66B-5968-4F63-9C3B-77CA2E16DF3A}.Release|Any CPU.ActiveCfg = Release|Any CPU
		{133AA66B-5968-4F63-9C3B-77CA2E16DF3A}.Release|Any CPU.Build.0 = Release|Any CPU
	EndGlobalSection
	GlobalSection(SolutionProperties) = preSolution
		HideSolutionNode = FALSE
	EndGlobalSection
	GlobalSection(ExtensibilityGlobals) = postSolution
		SolutionGuid = {ADC20B9C-73E6-440E-AE71-5CEAD0FA651A}
	EndGlobalSection
EndGlobal
