
Microsoft Visual Studio Solution File, Format Version 12.00
# Visual Studio Version 16
VisualStudioVersion = 16.0.31025.194
MinimumVisualStudioVersion = 10.0.40219.1
Project("{FAE04EC0-301F-11D3-BF4B-00C04F79EFBC}") = "Classwork1", "Classwork1\Classwork1.csproj", "{D9114726-29B8-4179-BDFF-36795C1CD007}"
EndProject
Global
	GlobalSection(SolutionConfigurationPlatforms) = preSolution
		Debug|Any CPU = Debug|Any CPU
		Release|Any CPU = Release|Any CPU
	EndGlobalSection
	GlobalSection(ProjectConfigurationPlatforms) = postSolution
		{D9114726-29B8-4179-BDFF-36795C1CD007}.Debug|Any CPU.ActiveCfg = Debug|Any CPU
		{D9114726-29B8-4179-BDFF-36795C1CD007}.Debug|Any CPU.Build.0 = Debug|Any CPU
		{D9114726-29B8-4179-BDFF-36795C1CD007}.Release|Any CPU.ActiveCfg = Release|Any CPU
		{D9114726-29B8-4179-BDFF-36795C1CD007}.Release|Any CPU.Build.0 = Release|Any CPU
	EndGlobalSection
	GlobalSection(SolutionProperties) = preSolution
		HideSolutionNode = FALSE
	EndGlobalSection
	GlobalSection(ExtensibilityGlobals) = postSolution
		SolutionGuid = {B979D8EB-4E1E-48CC-BC60-C6139AD719A6}
	EndGlobalSection
EndGlobal
