
Microsoft Visual Studio Solution File, Format Version 12.00
# Visual Studio Version 16
VisualStudioVersion = 16.0.30907.101
MinimumVisualStudioVersion = 10.0.40219.1
Project("{FAE04EC0-301F-11D3-BF4B-00C04F79EFBC}") = "Classwork1", "Classwork1.csproj", "{7054CACB-79DB-4832-885C-42FEAA3B1A16}"
EndProject
Global
	GlobalSection(SolutionConfigurationPlatforms) = preSolution
		Debug|Any CPU = Debug|Any CPU
		Release|Any CPU = Release|Any CPU
	EndGlobalSection
	GlobalSection(ProjectConfigurationPlatforms) = postSolution
		{7054CACB-79DB-4832-885C-42FEAA3B1A16}.Debug|Any CPU.ActiveCfg = Debug|Any CPU
		{7054CACB-79DB-4832-885C-42FEAA3B1A16}.Debug|Any CPU.Build.0 = Debug|Any CPU
		{7054CACB-79DB-4832-885C-42FEAA3B1A16}.Release|Any CPU.ActiveCfg = Release|Any CPU
		{7054CACB-79DB-4832-885C-42FEAA3B1A16}.Release|Any CPU.Build.0 = Release|Any CPU
	EndGlobalSection
	GlobalSection(SolutionProperties) = preSolution
		HideSolutionNode = FALSE
	EndGlobalSection
	GlobalSection(ExtensibilityGlobals) = postSolution
		SolutionGuid = {991C4357-71BC-44F7-9241-03222B71FD0F}
	EndGlobalSection
EndGlobal
