
Microsoft Visual Studio Solution File, Format Version 12.00
# Visual Studio Version 16
VisualStudioVersion = 16.0.31025.194
MinimumVisualStudioVersion = 10.0.40219.1
Project("{FAE04EC0-301F-11D3-BF4B-00C04F79EFBC}") = "Classwork1", "Classwork1\Classwork1.csproj", "{8DFAB3EC-41D3-4372-8070-11DDA9C1D92A}"
EndProject
Project("{FAE04EC0-301F-11D3-BF4B-00C04F79EFBC}") = "Classwork2", "Classwork2\Classwork2.csproj", "{2DCCAD8A-FBE3-423C-A1A2-17ADFF50F831}"
EndProject
Project("{FAE04EC0-301F-11D3-BF4B-00C04F79EFBC}") = "Classwork3", "Classwork3\Classwork3.csproj", "{49C6037B-DB25-4E2E-B6E8-64066C3F3E4A}"
EndProject
Global
	GlobalSection(SolutionConfigurationPlatforms) = preSolution
		Debug|Any CPU = Debug|Any CPU
		Release|Any CPU = Release|Any CPU
	EndGlobalSection
	GlobalSection(ProjectConfigurationPlatforms) = postSolution
		{8DFAB3EC-41D3-4372-8070-11DDA9C1D92A}.Debug|Any CPU.ActiveCfg = Debug|Any CPU
		{8DFAB3EC-41D3-4372-8070-11DDA9C1D92A}.Debug|Any CPU.Build.0 = Debug|Any CPU
		{8DFAB3EC-41D3-4372-8070-11DDA9C1D92A}.Release|Any CPU.ActiveCfg = Release|Any CPU
		{8DFAB3EC-41D3-4372-8070-11DDA9C1D92A}.Release|Any CPU.Build.0 = Release|Any CPU
		{2DCCAD8A-FBE3-423C-A1A2-17ADFF50F831}.Debug|Any CPU.ActiveCfg = Debug|Any CPU
		{2DCCAD8A-FBE3-423C-A1A2-17ADFF50F831}.Debug|Any CPU.Build.0 = Debug|Any CPU
		{2DCCAD8A-FBE3-423C-A1A2-17ADFF50F831}.Release|Any CPU.ActiveCfg = Release|Any CPU
		{2DCCAD8A-FBE3-423C-A1A2-17ADFF50F831}.Release|Any CPU.Build.0 = Release|Any CPU
		{49C6037B-DB25-4E2E-B6E8-64066C3F3E4A}.Debug|Any CPU.ActiveCfg = Debug|Any CPU
		{49C6037B-DB25-4E2E-B6E8-64066C3F3E4A}.Debug|Any CPU.Build.0 = Debug|Any CPU
		{49C6037B-DB25-4E2E-B6E8-64066C3F3E4A}.Release|Any CPU.ActiveCfg = Release|Any CPU
		{49C6037B-DB25-4E2E-B6E8-64066C3F3E4A}.Release|Any CPU.Build.0 = Release|Any CPU
	EndGlobalSection
	GlobalSection(SolutionProperties) = preSolution
		HideSolutionNode = FALSE
	EndGlobalSection
	GlobalSection(ExtensibilityGlobals) = postSolution
		SolutionGuid = {0E95024A-75FA-4B79-B6B1-D008059A7EF9}
	EndGlobalSection
EndGlobal
