
Microsoft Visual Studio Solution File, Format Version 12.00
# Visual Studio Version 16
VisualStudioVersion = 16.0.31025.194
MinimumVisualStudioVersion = 10.0.40219.1
Project("{FAE04EC0-301F-11D3-BF4B-00C04F79EFBC}") = "Classwork1", "Classwork1\Classwork1.csproj", "{4E9EF357-01F3-4C4E-99D2-E79A7ACFE9D4}"
EndProject
Project("{FAE04EC0-301F-11D3-BF4B-00C04F79EFBC}") = "Classwork2", "Classwork2\Classwork2.csproj", "{97ABF5E4-CD7A-4121-9DC7-3AF3359B255F}"
EndProject
Project("{FAE04EC0-301F-11D3-BF4B-00C04F79EFBC}") = "Classwork3", "Classwork3\Classwork3.csproj", "{A145D394-7939-41C3-B416-76296BF9749D}"
EndProject
Global
	GlobalSection(SolutionConfigurationPlatforms) = preSolution
		Debug|Any CPU = Debug|Any CPU
		Release|Any CPU = Release|Any CPU
	EndGlobalSection
	GlobalSection(ProjectConfigurationPlatforms) = postSolution
		{4E9EF357-01F3-4C4E-99D2-E79A7ACFE9D4}.Debug|Any CPU.ActiveCfg = Debug|Any CPU
		{4E9EF357-01F3-4C4E-99D2-E79A7ACFE9D4}.Debug|Any CPU.Build.0 = Debug|Any CPU
		{4E9EF357-01F3-4C4E-99D2-E79A7ACFE9D4}.Release|Any CPU.ActiveCfg = Release|Any CPU
		{4E9EF357-01F3-4C4E-99D2-E79A7ACFE9D4}.Release|Any CPU.Build.0 = Release|Any CPU
		{97ABF5E4-CD7A-4121-9DC7-3AF3359B255F}.Debug|Any CPU.ActiveCfg = Debug|Any CPU
		{97ABF5E4-CD7A-4121-9DC7-3AF3359B255F}.Debug|Any CPU.Build.0 = Debug|Any CPU
		{97ABF5E4-CD7A-4121-9DC7-3AF3359B255F}.Release|Any CPU.ActiveCfg = Release|Any CPU
		{97ABF5E4-CD7A-4121-9DC7-3AF3359B255F}.Release|Any CPU.Build.0 = Release|Any CPU
		{A145D394-7939-41C3-B416-76296BF9749D}.Debug|Any CPU.ActiveCfg = Debug|Any CPU
		{A145D394-7939-41C3-B416-76296BF9749D}.Debug|Any CPU.Build.0 = Debug|Any CPU
		{A145D394-7939-41C3-B416-76296BF9749D}.Release|Any CPU.ActiveCfg = Release|Any CPU
		{A145D394-7939-41C3-B416-76296BF9749D}.Release|Any CPU.Build.0 = Release|Any CPU
	EndGlobalSection
	GlobalSection(SolutionProperties) = preSolution
		HideSolutionNode = FALSE
	EndGlobalSection
	GlobalSection(ExtensibilityGlobals) = postSolution
		SolutionGuid = {A2DE966B-1D55-4EAA-A9A4-19D97959F9FB}
	EndGlobalSection
EndGlobal
