
Microsoft Visual Studio Solution File, Format Version 12.00
# Visual Studio Version 16
VisualStudioVersion = 16.0.31025.194
MinimumVisualStudioVersion = 10.0.40219.1
Project("{FAE04EC0-301F-11D3-BF4B-00C04F79EFBC}") = "Classwork1", "Classwork1\Classwork1.csproj", "{4997D8AF-666B-4BB4-8D65-248EFE93A83E}"
EndProject
Project("{FAE04EC0-301F-11D3-BF4B-00C04F79EFBC}") = "Classwork2", "Classwork2\Classwork2.csproj", "{49C95B31-678E-433C-A4C4-06136D4E15A2}"
EndProject
Project("{FAE04EC0-301F-11D3-BF4B-00C04F79EFBC}") = "Classwork3", "Classwork3\Classwork3.csproj", "{BE9B91F3-50B4-41A7-8E21-36E636B1A8A1}"
EndProject
Project("{FAE04EC0-301F-11D3-BF4B-00C04F79EFBC}") = "Classwork4", "Classwork4\Classwork4.csproj", "{727F64C0-980B-47B9-BD58-09EA6C197283}"
EndProject
Project("{FAE04EC0-301F-11D3-BF4B-00C04F79EFBC}") = "Classwork5", "Classwork5\Classwork5.csproj", "{ACAAC2EF-388E-4BC3-815A-9DD7E26FAA76}"
EndProject
Global
	GlobalSection(SolutionConfigurationPlatforms) = preSolution
		Debug|Any CPU = Debug|Any CPU
		Release|Any CPU = Release|Any CPU
	EndGlobalSection
	GlobalSection(ProjectConfigurationPlatforms) = postSolution
		{4997D8AF-666B-4BB4-8D65-248EFE93A83E}.Debug|Any CPU.ActiveCfg = Debug|Any CPU
		{4997D8AF-666B-4BB4-8D65-248EFE93A83E}.Debug|Any CPU.Build.0 = Debug|Any CPU
		{4997D8AF-666B-4BB4-8D65-248EFE93A83E}.Release|Any CPU.ActiveCfg = Release|Any CPU
		{4997D8AF-666B-4BB4-8D65-248EFE93A83E}.Release|Any CPU.Build.0 = Release|Any CPU
		{49C95B31-678E-433C-A4C4-06136D4E15A2}.Debug|Any CPU.ActiveCfg = Debug|Any CPU
		{49C95B31-678E-433C-A4C4-06136D4E15A2}.Debug|Any CPU.Build.0 = Debug|Any CPU
		{49C95B31-678E-433C-A4C4-06136D4E15A2}.Release|Any CPU.ActiveCfg = Release|Any CPU
		{49C95B31-678E-433C-A4C4-06136D4E15A2}.Release|Any CPU.Build.0 = Release|Any CPU
		{BE9B91F3-50B4-41A7-8E21-36E636B1A8A1}.Debug|Any CPU.ActiveCfg = Debug|Any CPU
		{BE9B91F3-50B4-41A7-8E21-36E636B1A8A1}.Debug|Any CPU.Build.0 = Debug|Any CPU
		{BE9B91F3-50B4-41A7-8E21-36E636B1A8A1}.Release|Any CPU.ActiveCfg = Release|Any CPU
		{BE9B91F3-50B4-41A7-8E21-36E636B1A8A1}.Release|Any CPU.Build.0 = Release|Any CPU
		{727F64C0-980B-47B9-BD58-09EA6C197283}.Debug|Any CPU.ActiveCfg = Debug|Any CPU
		{727F64C0-980B-47B9-BD58-09EA6C197283}.Debug|Any CPU.Build.0 = Debug|Any CPU
		{727F64C0-980B-47B9-BD58-09EA6C197283}.Release|Any CPU.ActiveCfg = Release|Any CPU
		{727F64C0-980B-47B9-BD58-09EA6C197283}.Release|Any CPU.Build.0 = Release|Any CPU
		{ACAAC2EF-388E-4BC3-815A-9DD7E26FAA76}.Debug|Any CPU.ActiveCfg = Debug|Any CPU
		{ACAAC2EF-388E-4BC3-815A-9DD7E26FAA76}.Debug|Any CPU.Build.0 = Debug|Any CPU
		{ACAAC2EF-388E-4BC3-815A-9DD7E26FAA76}.Release|Any CPU.ActiveCfg = Release|Any CPU
		{ACAAC2EF-388E-4BC3-815A-9DD7E26FAA76}.Release|Any CPU.Build.0 = Release|Any CPU
	EndGlobalSection
	GlobalSection(SolutionProperties) = preSolution
		HideSolutionNode = FALSE
	EndGlobalSection
	GlobalSection(ExtensibilityGlobals) = postSolution
		SolutionGuid = {D6B2242D-D107-4295-AE0E-9C5972D3BAC6}
	EndGlobalSection
EndGlobal
