
Microsoft Visual Studio Solution File, Format Version 12.00
# Visual Studio Version 16
VisualStudioVersion = 16.0.31025.194
MinimumVisualStudioVersion = 10.0.40219.1
Project("{FAE04EC0-301F-11D3-BF4B-00C04F79EFBC}") = "WebApplication3", "WebApplication3.csproj", "{FE5DF584-51FE-4473-91E3-0B32DC730346}"
EndProject
Global
	GlobalSection(SolutionConfigurationPlatforms) = preSolution
		Debug|Any CPU = Debug|Any CPU
		Release|Any CPU = Release|Any CPU
	EndGlobalSection
	GlobalSection(ProjectConfigurationPlatforms) = postSolution
		{FE5DF584-51FE-4473-91E3-0B32DC730346}.Debug|Any CPU.ActiveCfg = Debug|Any CPU
		{FE5DF584-51FE-4473-91E3-0B32DC730346}.Debug|Any CPU.Build.0 = Debug|Any CPU
		{FE5DF584-51FE-4473-91E3-0B32DC730346}.Release|Any CPU.ActiveCfg = Release|Any CPU
		{FE5DF584-51FE-4473-91E3-0B32DC730346}.Release|Any CPU.Build.0 = Release|Any CPU
	EndGlobalSection
	GlobalSection(SolutionProperties) = preSolution
		HideSolutionNode = FALSE
	EndGlobalSection
	GlobalSection(ExtensibilityGlobals) = postSolution
		SolutionGuid = {35217B23-86A0-4C99-9277-4FFFED29AF74}
	EndGlobalSection
EndGlobal
