
Microsoft Visual Studio Solution File, Format Version 12.00
# Visual Studio Version 16
VisualStudioVersion = 16.0.30907.101
MinimumVisualStudioVersion = 10.0.40219.1
Project("{FAE04EC0-301F-11D3-BF4B-00C04F79EFBC}") = "Classwork_27.01", "Classwork_27.01.csproj", "{F85161F0-2E2D-44BD-986A-DAF9650C8425}"
EndProject
Global
	GlobalSection(SolutionConfigurationPlatforms) = preSolution
		Debug|Any CPU = Debug|Any CPU
		Release|Any CPU = Release|Any CPU
	EndGlobalSection
	GlobalSection(ProjectConfigurationPlatforms) = postSolution
		{F85161F0-2E2D-44BD-986A-DAF9650C8425}.Debug|Any CPU.ActiveCfg = Debug|Any CPU
		{F85161F0-2E2D-44BD-986A-DAF9650C8425}.Debug|Any CPU.Build.0 = Debug|Any CPU
		{F85161F0-2E2D-44BD-986A-DAF9650C8425}.Release|Any CPU.ActiveCfg = Release|Any CPU
		{F85161F0-2E2D-44BD-986A-DAF9650C8425}.Release|Any CPU.Build.0 = Release|Any CPU
	EndGlobalSection
	GlobalSection(SolutionProperties) = preSolution
		HideSolutionNode = FALSE
	EndGlobalSection
	GlobalSection(ExtensibilityGlobals) = postSolution
		SolutionGuid = {F8E0479F-5589-4E33-AFDB-ACDF9CE801B4}
	EndGlobalSection
EndGlobal
