
Microsoft Visual Studio Solution File, Format Version 12.00
# Visual Studio Version 16
VisualStudioVersion = 16.0.31025.194
MinimumVisualStudioVersion = 10.0.40219.1
Project("{FAE04EC0-301F-11D3-BF4B-00C04F79EFBC}") = "Classwork1", "Classwork1\Classwork1.csproj", "{70F67328-E687-4DCE-9615-76F5890A8D74}"
EndProject
Project("{FAE04EC0-301F-11D3-BF4B-00C04F79EFBC}") = "Classwork2", "Classwork2\Classwork2.csproj", "{49658A00-37A4-4BEF-BA4B-001BDA01B883}"
EndProject
Global
	GlobalSection(SolutionConfigurationPlatforms) = preSolution
		Debug|Any CPU = Debug|Any CPU
		Release|Any CPU = Release|Any CPU
	EndGlobalSection
	GlobalSection(ProjectConfigurationPlatforms) = postSolution
		{70F67328-E687-4DCE-9615-76F5890A8D74}.Debug|Any CPU.ActiveCfg = Debug|Any CPU
		{70F67328-E687-4DCE-9615-76F5890A8D74}.Debug|Any CPU.Build.0 = Debug|Any CPU
		{70F67328-E687-4DCE-9615-76F5890A8D74}.Release|Any CPU.ActiveCfg = Release|Any CPU
		{70F67328-E687-4DCE-9615-76F5890A8D74}.Release|Any CPU.Build.0 = Release|Any CPU
		{49658A00-37A4-4BEF-BA4B-001BDA01B883}.Debug|Any CPU.ActiveCfg = Debug|Any CPU
		{49658A00-37A4-4BEF-BA4B-001BDA01B883}.Debug|Any CPU.Build.0 = Debug|Any CPU
		{49658A00-37A4-4BEF-BA4B-001BDA01B883}.Release|Any CPU.ActiveCfg = Release|Any CPU
		{49658A00-37A4-4BEF-BA4B-001BDA01B883}.Release|Any CPU.Build.0 = Release|Any CPU
	EndGlobalSection
	GlobalSection(SolutionProperties) = preSolution
		HideSolutionNode = FALSE
	EndGlobalSection
	GlobalSection(ExtensibilityGlobals) = postSolution
		SolutionGuid = {49589564-0A74-4E51-9200-C01CFAB4E462}
	EndGlobalSection
EndGlobal
